
Microsoft Visual Studio Solution File, Format Version 12.00
# Visual Studio 15
VisualStudioVersion = 15.0.27428.2027
MinimumVisualStudioVersion = 10.0.40219.1
Project("{FAE04EC0-301F-11D3-BF4B-00C04F79EFBC}") = "AF_Toast_Notification", "AF_Toast_Notification.csproj", "{CACFD44F-94D5-4018-97CD-1F9751C4B569}"
EndProject
Global
	GlobalSection(SolutionConfigurationPlatforms) = preSolution
		Debug|Any CPU = Debug|Any CPU
		Release|Any CPU = Release|Any CPU
	EndGlobalSection
	GlobalSection(ProjectConfigurationPlatforms) = postSolution
		{CACFD44F-94D5-4018-97CD-1F9751C4B569}.Debug|Any CPU.ActiveCfg = Debug|Any CPU
		{CACFD44F-94D5-4018-97CD-1F9751C4B569}.Debug|Any CPU.Build.0 = Debug|Any CPU
		{CACFD44F-94D5-4018-97CD-1F9751C4B569}.Release|Any CPU.ActiveCfg = Release|Any CPU
		{CACFD44F-94D5-4018-97CD-1F9751C4B569}.Release|Any CPU.Build.0 = Release|Any CPU
	EndGlobalSection
	GlobalSection(SolutionProperties) = preSolution
		HideSolutionNode = FALSE
	EndGlobalSection
	GlobalSection(ExtensibilityGlobals) = postSolution
		SolutionGuid = {0C4A7BA4-4106-4F13-80A1-8B5587E0E7A5}
	EndGlobalSection
EndGlobal
