
Microsoft Visual Studio Solution File, Format Version 12.00
# Visual Studio 15
VisualStudioVersion = 15.0.28307.329
MinimumVisualStudioVersion = 10.0.40219.1
Project("{FAE04EC0-301F-11D3-BF4B-00C04F79EFBC}") = "ShortCut", "ShortCut\ShortCut.csproj", "{06E5B49D-CF03-4CE4-935F-1BE064F9E637}"
EndProject
Global
	GlobalSection(SolutionConfigurationPlatforms) = preSolution
		Debug|Any CPU = Debug|Any CPU
		Release|Any CPU = Release|Any CPU
	EndGlobalSection
	GlobalSection(ProjectConfigurationPlatforms) = postSolution
		{06E5B49D-CF03-4CE4-935F-1BE064F9E637}.Debug|Any CPU.ActiveCfg = Debug|Any CPU
		{06E5B49D-CF03-4CE4-935F-1BE064F9E637}.Debug|Any CPU.Build.0 = Debug|Any CPU
		{06E5B49D-CF03-4CE4-935F-1BE064F9E637}.Release|Any CPU.ActiveCfg = Release|Any CPU
		{06E5B49D-CF03-4CE4-935F-1BE064F9E637}.Release|Any CPU.Build.0 = Release|Any CPU
	EndGlobalSection
	GlobalSection(SolutionProperties) = preSolution
		HideSolutionNode = FALSE
	EndGlobalSection
	GlobalSection(ExtensibilityGlobals) = postSolution
		SolutionGuid = {F4DCDC9B-BED3-44A3-929F-B1C195DC8284}
	EndGlobalSection
EndGlobal
